dependencies:
  espressif/esp-dsp:
    component_hash: 939e9c053487d6e7b7320a5cb761b2200e4b331730d6721668755ef76ab9f067
    dependencies:
    - name: idf
      require: private
      version: '>=4.2'
    source:
      registry_url: https://components.espressif.com/
      type: service
    version: 1.7.1
  idf:
    source:
      type: idf
    version: 5.5.3
direct_dependencies:
- espressif/esp-dsp
- idf
manifest_hash: 6c33ecd952df0e535fc88f0bf1f0f4f82656c241452f19e38708061650d84741
target: esp32c6
version: 2.0.0
